// !$*UTF8*$!
{
	archiveVersion = 1;
	classes = {
	};
	objectVersion = 46;
	objects = {

/* Begin PBXBuildFile section */
		0C4C14B81DC7E38900C11395 /* AppDelegate.swift in Sources */ = {isa = PBXBuildFile; fileRef = 0C4C14B71DC7E38900C11395 /* AppDelegate.swift */; };
		0C4C14BD1DC7E38900C11395 /* Main.storyboard in Resources */ = {isa = PBXBuildFile; fileRef = 0C4C14BB1DC7E38900C11395 /* Main.storyboard */; };
		0C4C14BF1DC7E38900C11395 /* Assets.xcassets in Resources */ = {isa = PBXBuildFile; fileRef = 0C4C14BE1DC7E38900C11395 /* Assets.xcassets */; };
		0C4C14C21DC7E38900C11395 /* LaunchScreen.storyboard in Resources */ = {isa = PBXBuildFile; fileRef = 0C4C14C01DC7E38900C11395 /* LaunchScreen.storyboard */; };
		0C4C14CD1DC7E38900C11395 /* ReminderTests.swift in Sources */ = {isa = PBXBuildFile; fileRef = 0C4C14CC1DC7E38900C11395 /* ReminderTests.swift */; };
		0CDDBCFF1DD7661100810532 /* MainViewController.swift in Sources */ = {isa = PBXBuildFile; fileRef = 0CDDBCFE1DD7661100810532 /* MainViewController.swift */; };
		0CDDBD011DD7661D00810532 /* IntroViewController.swift in Sources */ = {isa = PBXBuildFile; fileRef = 0CDDBD001DD7661D00810532 /* IntroViewController.swift */; };
		0CDDBD031DD76D5D00810532 /* Button.xib in Resources */ = {isa = PBXBuildFile; fileRef = 0CDDBD021DD76D5D00810532 /* Button.xib */; };
		0CDDBD071DD76E5200810532 /* Button.swift in Sources */ = {isa = PBXBuildFile; fileRef = 0CDDBD061DD76E5200810532 /* Button.swift */; };
		55F89AB51318545C63CC2C54 /* Pods_ReminderTests.framework in Frameworks */ = {isa = PBXBuildFile; fileRef = 48060E1C1B9FA37027FFA6A6 /* Pods_ReminderTests.framework */; };
		9151B2FD91F3166D9D785BEF /* Pods_Reminder.framework in Frameworks */ = {isa = PBXBuildFile; fileRef = 70695432E624E2D050C6F8ED /* Pods_Reminder.framework */; };
/* End PBXBuildFile section */

/* Begin PBXContainerItemProxy section */
		0C4C14C91DC7E38900C11395 /* PBXContainerItemProxy */ = {
			isa = PBXContainerItemProxy;
			containerPortal = 0C4C14AC1DC7E38900C11395 /* Project object */;
			proxyType = 1;
			remoteGlobalIDString = 0C4C14B31DC7E38900C11395;
			remoteInfo = Reminder;
		};
/* End PBXContainerItemProxy section */

/* Begin PBXFileReference section */
		0C4C14B41DC7E38900C11395 /* Reminder.app */ = {isa = PBXFileReference; explicitFileType = wrapper.application; includeInIndex = 0; path = Reminder.app; sourceTree = BUILT_PRODUCTS_DIR; };
		0C4C14B71DC7E38900C11395 /* AppDelegate.swift */ = {isa = PBXFileReference; lastKnownFileType = sourcecode.swift; path = AppDelegate.swift; sourceTree = "<group>"; };
		0C4C14BC1DC7E38900C11395 /* Base */ = {isa = PBXFileReference; lastKnownFileType = file.storyboard; name = Base; path = Base.lproj/Main.storyboard; sourceTree = "<group>"; };
		0C4C14BE1DC7E38900C11395 /* Assets.xcassets */ = {isa = PBXFileReference; lastKnownFileType = folder.assetcatalog; path = Assets.xcassets; sourceTree = "<group>"; };
		0C4C14C11DC7E38900C11395 /* Base */ = {isa = PBXFileReference; lastKnownFileType = file.storyboard; name = Base; path = Base.lproj/LaunchScreen.storyboard; sourceTree = "<group>"; };
		0C4C14C31DC7E38900C11395 /* Info.plist */ = {isa = PBXFileReference; lastKnownFileType = text.plist.xml; path = Info.plist; sourceTree = "<group>"; };
		0C4C14C81DC7E38900C11395 /* ReminderTests.xctest */ = {isa = PBXFileReference; explicitFileType = wrapper.cfbundle; includeInIndex = 0; path = ReminderTests.xctest; sourceTree = BUILT_PRODUCTS_DIR; };
		0C4C14CC1DC7E38900C11395 /* ReminderTests.swift */ = {isa = PBXFileReference; lastKnownFileType = sourcecode.swift; path = ReminderTests.swift; sourceTree = "<group>"; };
		0C4C14CE1DC7E38900C11395 /* Info.plist */ = {isa = PBXFileReference; lastKnownFileType = text.plist.xml; path = Info.plist; sourceTree = "<group>"; };
		0CDDBCFE1DD7661100810532 /* MainViewController.swift */ = {isa = PBXFileReference; fileEncoding = 4; lastKnownFileType = sourcecode.swift; path = MainViewController.swift; sourceTree = "<group>"; };
		0CDDBD001DD7661D00810532 /* IntroViewController.swift */ = {isa = PBXFileReference; fileEncoding = 4; lastKnownFileType = sourcecode.swift; path = IntroViewController.swift; sourceTree = "<group>"; };
		0CDDBD021DD76D5D00810532 /* Button.xib */ = {isa = PBXFileReference; fileEncoding = 4; lastKnownFileType = file.xib; path = Button.xib; sourceTree = "<group>"; };
		0CDDBD061DD76E5200810532 /* Button.swift */ = {isa = PBXFileReference; fileEncoding = 4; lastKnownFileType = sourcecode.swift; path = Button.swift; sourceTree = "<group>"; };
		48060E1C1B9FA37027FFA6A6 /* Pods_ReminderTests.framework */ = {isa = PBXFileReference; explicitFileType = wrapper.framework; includeInIndex = 0; path = Pods_ReminderTests.framework; sourceTree = BUILT_PRODUCTS_DIR; };
		70695432E624E2D050C6F8ED /* Pods_Reminder.framework */ = {isa = PBXFileReference; explicitFileType = wrapper.framework; includeInIndex = 0; path = Pods_Reminder.framework; sourceTree = BUILT_PRODUCTS_DIR; };
		A86D8B95CDD7DE63EA4C2A14 /* Pods-ReminderTests.release.xcconfig */ = {isa = PBXFileReference; includeInIndex = 1; lastKnownFileType = text.xcconfig; name = "Pods-ReminderTests.release.xcconfig"; path = "Pods/Target Support Files/Pods-ReminderTests/Pods-ReminderTests.release.xcconfig"; sourceTree = "<group>"; };
		B3CC02B904AB203B31F64F6C /* Pods-Reminder.release.xcconfig */ = {isa = PBXFileReference; includeInIndex = 1; lastKnownFileType = text.xcconfig; name = "Pods-Reminder.release.xcconfig"; path = "Pods/Target Support Files/Pods-Reminder/Pods-Reminder.release.xcconfig"; sourceTree = "<group>"; };
		BD9DD545200368AA743B8ED1 /* Pods-ReminderTests.debug.xcconfig */ = {isa = PBXFileReference; includeInIndex = 1; lastKnownFileType = text.xcconfig; name = "Pods-ReminderTests.debug.xcconfig"; path = "Pods/Target Support Files/Pods-ReminderTests/Pods-ReminderTests.debug.xcconfig"; sourceTree = "<group>"; };
		F68B0137BA1DF1C416D3FC4D /* Pods-Reminder.debug.xcconfig */ = {isa = PBXFileReference; includeInIndex = 1; lastKnownFileType = text.xcconfig; name = "Pods-Reminder.debug.xcconfig"; path = "Pods/Target Support Files/Pods-Reminder/Pods-Reminder.debug.xcconfig"; sourceTree = "<group>"; };
/* End PBXFileReference section */

/* Begin PBXFrameworksBuildPhase section */
		0C4C14B11DC7E38900C11395 /* Frameworks */ = {
			isa = PBXFrameworksBuildPhase;
			buildActionMask = 2147483647;
			files = (
				9151B2FD91F3166D9D785BEF /* Pods_Reminder.framework in Frameworks */,
			);
			runOnlyForDeploymentPostprocessing = 0;
		};
		0C4C14C51DC7E38900C11395 /* Frameworks */ = {
			isa = PBXFrameworksBuildPhase;
			buildActionMask = 2147483647;
			files = (
				55F89AB51318545C63CC2C54 /* Pods_ReminderTests.framework in Frameworks */,
			);
			runOnlyForDeploymentPostprocessing = 0;
		};
/* End PBXFrameworksBuildPhase section */

/* Begin PBXGroup section */
		0C4C14AB1DC7E38900C11395 = {
			isa = PBXGroup;
			children = (
				0C4C14B61DC7E38900C11395 /* Reminder */,
				0C4C14CB1DC7E38900C11395 /* ReminderTests */,
				0C4C14B51DC7E38900C11395 /* Products */,
				45C542D1FB5D9140E1F9D184 /* Pods */,
				4F34C1B64C35465EA2F931C6 /* Frameworks */,
			);
			sourceTree = "<group>";
		};
		0C4C14B51DC7E38900C11395 /* Products */ = {
			isa = PBXGroup;
			children = (
				0C4C14B41DC7E38900C11395 /* Reminder.app */,
				0C4C14C81DC7E38900C11395 /* ReminderTests.xctest */,
			);
			name = Products;
			sourceTree = "<group>";
		};
		0C4C14B61DC7E38900C11395 /* Reminder */ = {
			isa = PBXGroup;
			children = (
				0C4C14B71DC7E38900C11395 /* AppDelegate.swift */,
				0CDDBCFE1DD7661100810532 /* MainViewController.swift */,
				0CDDBD001DD7661D00810532 /* IntroViewController.swift */,
				0CDDBD021DD76D5D00810532 /* Button.xib */,
				0CDDBD061DD76E5200810532 /* Button.swift */,
				0C4C14BB1DC7E38900C11395 /* Main.storyboard */,
				0C4C14BE1DC7E38900C11395 /* Assets.xcassets */,
				0C4C14C01DC7E38900C11395 /* LaunchScreen.storyboard */,
				0C4C14C31DC7E38900C11395 /* Info.plist */,
			);
			path = Reminder;
			sourceTree = "<group>";
		};
		0C4C14CB1DC7E38900C11395 /* ReminderTests */ = {
			isa = PBXGroup;
			children = (
				0C4C14CC1DC7E38900C11395 /* ReminderTests.swift */,
				0C4C14CE1DC7E38900C11395 /* Info.plist */,
			);
			path = ReminderTests;
			sourceTree = "<group>";
		};
		45C542D1FB5D9140E1F9D184 /* Pods */ = {
			isa = PBXGroup;
			children = (
				F68B0137BA1DF1C416D3FC4D /* Pods-Reminder.debug.xcconfig */,
				B3CC02B904AB203B31F64F6C /* Pods-Reminder.release.xcconfig */,
				BD9DD545200368AA743B8ED1 /* Pods-ReminderTests.debug.xcconfig */,
				A86D8B95CDD7DE63EA4C2A14 /* Pods-ReminderTests.release.xcconfig */,
			);
			name = Pods;
			sourceTree = "<group>";
		};
		4F34C1B64C35465EA2F931C6 /* Frameworks */ = {
			isa = PBXGroup;
			children = (
				70695432E624E2D050C6F8ED /* Pods_Reminder.framework */,
				48060E1C1B9FA37027FFA6A6 /* Pods_ReminderTests.framework */,
			);
			name = Frameworks;
			sourceTree = "<group>";
		};
/* End PBXGroup section */

/* Begin PBXNativeTarget section */
		0C4C14B31DC7E38900C11395 /* Reminder */ = {
			isa = PBXNativeTarget;
			buildConfigurationList = 0C4C14D11DC7E38900C11395 /* Build configuration list for PBXNativeTarget "Reminder" */;
			buildPhases = (
				90D8C770534F26974015ACF8 /* [CP] Check Pods Manifest.lock */,
				0C4C14B01DC7E38900C11395 /* Sources */,
				0C4C14B11DC7E38900C11395 /* Frameworks */,
				0C4C14B21DC7E38900C11395 /* Resources */,
				F12AED0CD08DF608D901C850 /* [CP] Embed Pods Frameworks */,
				64F5AB84C702DC17A7DE84A9 /* [CP] Copy Pods Resources */,
			);
			buildRules = (
			);
			dependencies = (
			);
			name = Reminder;
			productName = Reminder;
			productReference = 0C4C14B41DC7E38900C11395 /* Reminder.app */;
			productType = "com.apple.product-type.application";
		};
		0C4C14C71DC7E38900C11395 /* ReminderTests */ = {
			isa = PBXNativeTarget;
			buildConfigurationList = 0C4C14D41DC7E38900C11395 /* Build configuration list for PBXNativeTarget "ReminderTests" */;
			buildPhases = (
				E30D86A29BF88DFCCAE65667 /* [CP] Check Pods Manifest.lock */,
				0C4C14C41DC7E38900C11395 /* Sources */,
				0C4C14C51DC7E38900C11395 /* Frameworks */,
				0C4C14C61DC7E38900C11395 /* Resources */,
				45359C9229B1BC6ECE8B1039 /* [CP] Embed Pods Frameworks */,
				043DAFABF59FB8F5D79F6223 /* [CP] Copy Pods Resources */,
			);
			buildRules = (
			);
			dependencies = (
				0C4C14CA1DC7E38900C11395 /* PBXTargetDependency */,
			);
			name = ReminderTests;
			productName = ReminderTests;
			productReference = 0C4C14C81DC7E38900C11395 /* ReminderTests.xctest */;
			productType = "com.apple.product-type.bundle.unit-test";
		};
/* End PBXNativeTarget section */

/* Begin PBXProject section */
		0C4C14AC1DC7E38900C11395 /* Project object */ = {
			isa = PBXProject;
			attributes = {
				LastSwiftUpdateCheck = 0810;
				LastUpgradeCheck = 0810;
				ORGANIZATIONNAME = "Vodafone Technology Shared Services";
				TargetAttributes = {
					0C4C14B31DC7E38900C11395 = {
						CreatedOnToolsVersion = 8.1;
						DevelopmentTeam = V56P9BF2PU;
						ProvisioningStyle = Automatic;
					};
					0C4C14C71DC7E38900C11395 = {
						CreatedOnToolsVersion = 8.1;
						DevelopmentTeam = V56P9BF2PU;
						ProvisioningStyle = Automatic;
						TestTargetID = 0C4C14B31DC7E38900C11395;
					};
				};
			};
			buildConfigurationList = 0C4C14AF1DC7E38900C11395 /* Build configuration list for PBXProject "Reminder" */;
			compatibilityVersion = "Xcode 3.2";
			developmentRegion = English;
			hasScannedForEncodings = 0;
			knownRegions = (
				en,
				Base,
			);
			mainGroup = 0C4C14AB1DC7E38900C11395;
			productRefGroup = 0C4C14B51DC7E38900C11395 /* Products */;
			projectDirPath = "";
			projectRoot = "";
			targets = (
				0C4C14B31DC7E38900C11395 /* Reminder */,
				0C4C14C71DC7E38900C11395 /* ReminderTests */,
			);
		};
/* End PBXProject section */

/* Begin PBXResourcesBuildPhase section */
		0C4C14B21DC7E38900C11395 /* Resources */ = {
			isa = PBXResourcesBuildPhase;
			buildActionMask = 2147483647;
			files = (
				0C4C14C21DC7E38900C11395 /* LaunchScreen.storyboard in Resources */,
				0C4C14BF1DC7E38900C11395 /* Assets.xcassets in Resources */,
				0C4C14BD1DC7E38900C11395 /* Main.storyboard in Resources */,
				0CDDBD031DD76D5D00810532 /* Button.xib in Resources */,
			);
			runOnlyForDeploymentPostprocessing = 0;
		};
		0C4C14C61DC7E38900C11395 /* Resources */ = {
			isa = PBXResourcesBuildPhase;
			buildActionMask = 2147483647;
			files = (
			);
			runOnlyForDeploymentPostprocessing = 0;
		};
/* End PBXResourcesBuildPhase section */

/* Begin PBXShellScriptBuildPhase section */
		043DAFABF59FB8F5D79F6223 /* [CP] Copy Pods Resources */ = {
			isa = PBXShellScriptBuildPhase;
			buildActionMask = 2147483647;
			files = (
			);
			inputPaths = (
			);
			name = "[CP] Copy Pods Resources";
			outputPaths = (
			);
			runOnlyForDeploymentPostprocessing = 0;
			shellPath = /bin/sh;
			shellScript = "\"${SRCROOT}/Pods/Target Support Files/Pods-ReminderTests/Pods-ReminderTests-resources.sh\"\n";
			showEnvVarsInLog = 0;
		};
		45359C9229B1BC6ECE8B1039 /* [CP] Embed Pods Frameworks */ = {
			isa = PBXShellScriptBuildPhase;
			buildActionMask = 2147483647;
			files = (
			);
			inputPaths = (
			);
			name = "[CP] Embed Pods Frameworks";
			outputPaths = (
			);
			runOnlyForDeploymentPostprocessing = 0;
			shellPath = /bin/sh;
			shellScript = "\"${SRCROOT}/Pods/Target Support Files/Pods-ReminderTests/Pods-ReminderTests-frameworks.sh\"\n";
			showEnvVarsInLog = 0;
		};
		64F5AB84C702DC17A7DE84A9 /* [CP] Copy Pods Resources */ = {
			isa = PBXShellScriptBuildPhase;
			buildActionMask = 2147483647;
			files = (
			);
			inputPaths = (
			);
			name = "[CP] Copy Pods Resources";
			outputPaths = (
			);
			runOnlyForDeploymentPostprocessing = 0;
			shellPath = /bin/sh;
			shellScript = "\"${SRCROOT}/Pods/Target Support Files/Pods-Reminder/Pods-Reminder-resources.sh\"\n";
			showEnvVarsInLog = 0;
		};
		90D8C770534F26974015ACF8 /* [CP] Check Pods Manifest.lock */ = {
			isa = PBXShellScriptBuildPhase;
			buildActionMask = 2147483647;
			files = (
			);
			inputPaths = (
			);
			name = "[CP] Check Pods Manifest.lock";
			outputPaths = (
			);
			runOnlyForDeploymentPostprocessing = 0;
			shellPath = /bin/sh;
			shellScript = "diff \"${PODS_ROOT}/../Podfile.lock\" \"${PODS_ROOT}/Manifest.lock\" > /dev/null\nif [ $? != 0 ] ; then\n    # print error to STDERR\n    echo \"error: The sandbox is not in sync with the Podfile.lock. Run 'pod install' or update your CocoaPods installation.\" >&2\n    exit 1\nfi\n";
			showEnvVarsInLog = 0;
		};
		E30D86A29BF88DFCCAE65667 /* [CP] Check Pods Manifest.lock */ = {
			isa = PBXShellScriptBuildPhase;
			buildActionMask = 2147483647;
			files = (
			);
			inputPaths = (
			);
			name = "[CP] Check Pods Manifest.lock";
			outputPaths = (
			);
			runOnlyForDeploymentPostprocessing = 0;
			shellPath = /bin/sh;
			shellScript = "diff \"${PODS_ROOT}/../Podfile.lock\" \"${PODS_ROOT}/Manifest.lock\" > /dev/null\nif [ $? != 0 ] ; then\n    # print error to STDERR\n    echo \"error: The sandbox is not in sync with the Podfile.lock. Run 'pod install' or update your CocoaPods installation.\" >&2\n    exit 1\nfi\n";
			showEnvVarsInLog = 0;
		};
		F12AED0CD08DF608D901C850 /* [CP] Embed Pods Frameworks */ = {
			isa = PBXShellScriptBuildPhase;
			buildActionMask = 2147483647;
			files = (
			);
			inputPaths = (
			);
			name = "[CP] Embed Pods Frameworks";
			outputPaths = (
			);
			runOnlyForDeploymentPostprocessing = 0;
			shellPath = /bin/sh;
			shellScript = "\"${SRCROOT}/Pods/Target Support Files/Pods-Reminder/Pods-Reminder-frameworks.sh\"\n";
			showEnvVarsInLog = 0;
		};
/* End PBXShellScriptBuildPhase section */

/* Begin PBXSourcesBuildPhase section */
		0C4C14B01DC7E38900C11395 /* Sources */ = {
			isa = PBXSourcesBuildPhase;
			buildActionMask = 2147483647;
			files = (
				0CDDBD071DD76E5200810532 /* Button.swift in Sources */,
				0CDDBCFF1DD7661100810532 /* MainViewController.swift in Sources */,
				0C4C14B81DC7E38900C11395 /* AppDelegate.swift in Sources */,
				0CDDBD011DD7661D00810532 /* IntroViewController.swift in Sources */,
			);
			runOnlyForDeploymentPostprocessing = 0;
		};
		0C4C14C41DC7E38900C11395 /* Sources */ = {
			isa = PBXSourcesBuildPhase;
			buildActionMask = 2147483647;
			files = (
				0C4C14CD1DC7E38900C11395 /* ReminderTests.swift in Sources */,
			);
			runOnlyForDeploymentPostprocessing = 0;
		};
/* End PBXSourcesBuildPhase section */

/* Begin PBXTargetDependency section */
		0C4C14CA1DC7E38900C11395 /* PBXTargetDependency */ = {
			isa = PBXTargetDependency;
			target = 0C4C14B31DC7E38900C11395 /* Reminder */;
			targetProxy = 0C4C14C91DC7E38900C11395 /* PBXContainerItemProxy */;
		};
/* End PBXTargetDependency section */

/* Begin PBXVariantGroup section */
		0C4C14BB1DC7E38900C11395 /* Main.storyboard */ = {
			isa = PBXVariantGroup;
			children = (
				0C4C14BC1DC7E38900C11395 /* Base */,
			);
			name = Main.storyboard;
			sourceTree = "<group>";
		};
		0C4C14C01DC7E38900C11395 /* LaunchScreen.storyboard */ = {
			isa = PBXVariantGroup;
			children = (
				0C4C14C11DC7E38900C11395 /* Base */,
			);
			name = LaunchScreen.storyboard;
			sourceTree = "<group>";
		};
/* End PBXVariantGroup section */

/* Begin XCBuildConfiguration section */
		0C4C14CF1DC7E38900C11395 /* Debug */ = {
			isa = XCBuildConfiguration;
			buildSettings = {
				ALWAYS_SEARCH_USER_PATHS = NO;
				CLANG_ANALYZER_NONNULL = YES;
				CLANG_CXX_LANGUAGE_STANDARD = "gnu++0x";
				CLANG_CXX_LIBRARY = "libc++";
				CLANG_ENABLE_MODULES = YES;
				CLANG_ENABLE_OBJC_ARC = YES;
				CLANG_WARN_BOOL_CONVERSION = YES;
				CLANG_WARN_CONSTANT_CONVERSION = YES;
				CLANG_WARN_DIRECT_OBJC_ISA_USAGE = YES_ERROR;
				CLANG_WARN_DOCUMENTATION_COMMENTS = YES;
				CLANG_WARN_EMPTY_BODY = YES;
				CLANG_WARN_ENUM_CONVERSION = YES;
				CLANG_WARN_INFINITE_RECURSION = YES;
				CLANG_WARN_INT_CONVERSION = YES;
				CLANG_WARN_OBJC_ROOT_CLASS = YES_ERROR;
				CLANG_WARN_SUSPICIOUS_MOVES = YES;
				CLANG_WARN_UNREACHABLE_CODE = YES;
				CLANG_WARN__DUPLICATE_METHOD_MATCH = YES;
				"CODE_SIGN_IDENTITY[sdk=iphoneos*]" = "iPhone Developer";
				COPY_PHASE_STRIP = NO;
				DEBUG_INFORMATION_FORMAT = dwarf;
				ENABLE_STRICT_OBJC_MSGSEND = YES;
				ENABLE_TESTABILITY = YES;
				GCC_C_LANGUAGE_STANDARD = gnu99;
				GCC_DYNAMIC_NO_PIC = NO;
				GCC_NO_COMMON_BLOCKS = YES;
				GCC_OPTIMIZATION_LEVEL = 0;
				GCC_PREPROCESSOR_DEFINITIONS = (
					"DEBUG=1",
					"$(inherited)",
				);
				GCC_WARN_64_TO_32_BIT_CONVERSION = YES;
				GCC_WARN_ABOUT_RETURN_TYPE = YES_ERROR;
				GCC_WARN_UNDECLARED_SELECTOR = YES;
				GCC_WARN_UNINITIALIZED_AUTOS = YES_AGGRESSIVE;
				GCC_WARN_UNUSED_FUNCTION = YES;
				GCC_WARN_UNUSED_VARIABLE = YES;
				IPHONEOS_DEPLOYMENT_TARGET = 10.1;
				MTL_ENABLE_DEBUG_INFO = YES;
				ONLY_ACTIVE_ARCH = YES;
				SDKROOT = iphoneos;
				SWIFT_ACTIVE_COMPILATION_CONDITIONS = DEBUG;
				SWIFT_OPTIMIZATION_LEVEL = "-Onone";
			};
			name = Debug;
		};
		0C4C14D01DC7E38900C11395 /* Release */ = {
			isa = XCBuildConfiguration;
			buildSettings = {
				ALWAYS_SEARCH_USER_PATHS = NO;
				CLANG_ANALYZER_NONNULL = YES;
				CLANG_CXX_LANGUAGE_STANDARD = "gnu++0x";
				CLANG_CXX_LIBRARY = "libc++";
				CLANG_ENABLE_MODULES = YES;
				CLANG_ENABLE_OBJC_ARC = YES;
				CLANG_WARN_BOOL_CONVERSION = YES;
				CLANG_WARN_CONSTANT_CONVERSION = YES;
				CLANG_WARN_DIRECT_OBJC_ISA_USAGE = YES_ERROR;
				CLANG_WARN_DOCUMENTATION_COMMENTS = YES;
				CLANG_WARN_EMPTY_BODY = YES;
				CLANG_WARN_ENUM_CONVERSION = YES;
				CLANG_WARN_INFINITE_RECURSION = YES;
				CLANG_WARN_INT_CONVERSION = YES;
				CLANG_WARN_OBJC_ROOT_CLASS = YES_ERROR;
				CLANG_WARN_SUSPICIOUS_MOVES = YES;
				CLANG_WARN_UNREACHABLE_CODE = YES;
				CLANG_WARN__DUPLICATE_METHOD_MATCH = YES;
				"CODE_SIGN_IDENTITY[sdk=iphoneos*]" = "iPhone Developer";
				COPY_PHASE_STRIP = NO;
				DEBUG_INFORMATION_FORMAT = "dwarf-with-dsym";
				ENABLE_NS_ASSERTIONS = NO;
				ENABLE_STRICT_OBJC_MSGSEND = YES;
				GCC_C_LANGUAGE_STANDARD = gnu99;
				GCC_NO_COMMON_BLOCKS = YES;
				GCC_WARN_64_TO_32_BIT_CONVERSION = YES;
				GCC_WARN_ABOUT_RETURN_TYPE = YES_ERROR;
				GCC_WARN_UNDECLARED_SELECTOR = YES;
				GCC_WARN_UNINITIALIZED_AUTOS = YES_AGGRESSIVE;
				GCC_WARN_UNUSED_FUNCTION = YES;
				GCC_WARN_UNUSED_VARIABLE = YES;
				IPHONEOS_DEPLOYMENT_TARGET = 10.1;
				MTL_ENABLE_DEBUG_INFO = NO;
				SDKROOT = iphoneos;
				SWIFT_OPTIMIZATION_LEVEL = "-Owholemodule";
				VALIDATE_PRODUCT = YES;
			};
			name = Release;
		};
		0C4C14D21DC7E38900C11395 /* Debug */ = {
			isa = XCBuildConfiguration;
			baseConfigurationReference = F68B0137BA1DF1C416D3FC4D /* Pods-Reminder.debug.xcconfig */;
			buildSettings = {
				ASSETCATALOG_COMPILER_APPICON_NAME = AppIcon;
				DEVELOPMENT_TEAM = V56P9BF2PU;
				INFOPLIST_FILE = Reminder/Info.plist;
				LD_RUNPATH_SEARCH_PATHS = "$(inherited) @executable_path/Frameworks";
				PRODUCT_BUNDLE_IDENTIFIER = com.bassem.playground.Reminder;
				PRODUCT_NAME = "$(TARGET_NAME)";
				SWIFT_VERSION = 3.0;
			};
			name = Debug;
		};
		0C4C14D31DC7E38900C11395 /* Release */ = {
			isa = XCBuildConfiguration;
			baseConfigurationReference = B3CC02B904AB203B31F64F6C /* Pods-Reminder.release.xcconfig */;
			buildSettings = {
				ASSETCATALOG_COMPILER_APPICON_NAME = AppIcon;
				DEVELOPMENT_TEAM = V56P9BF2PU;
				INFOPLIST_FILE = Reminder/Info.plist;
				LD_RUNPATH_SEARCH_PATHS = "$(inherited) @executable_path/Frameworks";
				PRODUCT_BUNDLE_IDENTIFIER = com.bassem.playground.Reminder;
				PRODUCT_NAME = "$(TARGET_NAME)";
				SWIFT_VERSION = 3.0;
			};
			name = Release;
		};
		0C4C14D51DC7E38900C11395 /* Debug */ = {
			isa = XCBuildConfiguration;
			baseConfigurationReference = BD9DD545200368AA743B8ED1 /* Pods-ReminderTests.debug.xcconfig */;
			buildSettings = {
				ALWAYS_EMBED_SWIFT_STANDARD_LIBRARIES = YES;
				BUNDLE_LOADER = "$(TEST_HOST)";
				DEVELOPMENT_TEAM = V56P9BF2PU;
				INFOPLIST_FILE = ReminderTests/Info.plist;
				LD_RUNPATH_SEARCH_PATHS = "$(inherited) @executable_path/Frameworks @loader_path/Frameworks";
				PRODUCT_BUNDLE_IDENTIFIER = com.bassem.playground.ReminderTests;
				PRODUCT_NAME = "$(TARGET_NAME)";
				SWIFT_VERSION = 3.0;
				TEST_HOST = "$(BUILT_PRODUCTS_DIR)/Reminder.app/Reminder";
			};
			name = Debug;
		};
		0C4C14D61DC7E38900C11395 /* Release */ = {
			isa = XCBuildConfiguration;
			baseConfigurationReference = A86D8B95CDD7DE63EA4C2A14 /* Pods-ReminderTests.release.xcconfig */;
			buildSettings = {
				ALWAYS_EMBED_SWIFT_STANDARD_LIBRARIES = YES;
				BUNDLE_LOADER = "$(TEST_HOST)";
				DEVELOPMENT_TEAM = V56P9BF2PU;
				INFOPLIST_FILE = ReminderTests/Info.plist;
				LD_RUNPATH_SEARCH_PATHS = "$(inherited) @executable_path/Frameworks @loader_path/Frameworks";
				PRODUCT_BUNDLE_IDENTIFIER = com.bassem.playground.ReminderTests;
				PRODUCT_NAME = "$(TARGET_NAME)";
				SWIFT_VERSION = 3.0;
				TEST_HOST = "$(BUILT_PRODUCTS_DIR)/Reminder.app/Reminder";
			};
			name = Release;
		};
/* End XCBuildConfiguration section */

/* Begin XCConfigurationList section */
		0C4C14AF1DC7E38900C11395 /* Build configuration list for PBXProject "Reminder" */ = {
			isa = XCConfigurationList;
			buildConfigurations = (
				0C4C14CF1DC7E38900C11395 /* Debug */,
				0C4C14D01DC7E38900C11395 /* Release */,
			);
			defaultConfigurationIsVisible = 0;
			defaultConfigurationName = Release;
		};
		0C4C14D11DC7E38900C11395 /* Build configuration list for PBXNativeTarget "Reminder" */ = {
			isa = XCConfigurationList;
			buildConfigurations = (
				0C4C14D21DC7E38900C11395 /* Debug */,
				0C4C14D31DC7E38900C11395 /* Release */,
			);
			defaultConfigurationIsVisible = 0;
			defaultConfigurationName = Release;
		};
		0C4C14D41DC7E38900C11395 /* Build configuration list for PBXNativeTarget "ReminderTests" */ = {
			isa = XCConfigurationList;
			buildConfigurations = (
				0C4C14D51DC7E38900C11395 /* Debug */,
				0C4C14D61DC7E38900C11395 /* Release */,
			);
			defaultConfigurationIsVisible = 0;
			defaultConfigurationName = Release;
		};
/* End XCConfigurationList section */
	};
	rootObject = 0C4C14AC1DC7E38900C11395 /* Project object */;
}
